
Microsoft Visual Studio Solution File, Format Version 12.00
# Visual Studio Version 16
VisualStudioVersion = 16.0.29424.173
MinimumVisualStudioVersion = 10.0.40219.1
Project("{FAE04EC0-301F-11D3-BF4B-00C04F79EFBC}") = "Interface", "Interface\Interface.csproj", "{3197DCBA-D843-4F0F-8CBA-5A7E7AFD4A91}"
EndProject
Project("{FAE04EC0-301F-11D3-BF4B-00C04F79EFBC}") = "Middleware", "Middleware\Middleware.csproj", "{F005A934-3022-4FC0-A521-11DE483282EF}"
EndProject
Project("{54435603-DBB4-11D2-8724-00A0C9A8B90C}") = "Setup", "Setup\Setup.vdproj", "{8F2CF414-8030-443F-A90B-5A64E5EAA6BB}"
EndProject
Global
	GlobalSection(SolutionConfigurationPlatforms) = preSolution
		All|Any CPU = All|Any CPU
		Debug|Any CPU = Debug|Any CPU
		Release|Any CPU = Release|Any CPU
	EndGlobalSection
	GlobalSection(ProjectConfigurationPlatforms) = postSolution
		{3197DCBA-D843-4F0F-8CBA-5A7E7AFD4A91}.All|Any CPU.ActiveCfg = Debug|Any CPU
		{3197DCBA-D843-4F0F-8CBA-5A7E7AFD4A91}.All|Any CPU.Build.0 = Debug|Any CPU
		{3197DCBA-D843-4F0F-8CBA-5A7E7AFD4A91}.Debug|Any CPU.ActiveCfg = Debug|Any CPU
		{3197DCBA-D843-4F0F-8CBA-5A7E7AFD4A91}.Debug|Any CPU.Build.0 = Debug|Any CPU
		{3197DCBA-D843-4F0F-8CBA-5A7E7AFD4A91}.Release|Any CPU.ActiveCfg = Release|Any CPU
		{3197DCBA-D843-4F0F-8CBA-5A7E7AFD4A91}.Release|Any CPU.Build.0 = Release|Any CPU
		{F005A934-3022-4FC0-A521-11DE483282EF}.All|Any CPU.ActiveCfg = Debug|Any CPU
		{F005A934-3022-4FC0-A521-11DE483282EF}.All|Any CPU.Build.0 = Debug|Any CPU
		{F005A934-3022-4FC0-A521-11DE483282EF}.Debug|Any CPU.ActiveCfg = Debug|Any CPU
		{F005A934-3022-4FC0-A521-11DE483282EF}.Debug|Any CPU.Build.0 = Debug|Any CPU
		{F005A934-3022-4FC0-A521-11DE483282EF}.Release|Any CPU.ActiveCfg = Release|Any CPU
		{F005A934-3022-4FC0-A521-11DE483282EF}.Release|Any CPU.Build.0 = Release|Any CPU
		{8F2CF414-8030-443F-A90B-5A64E5EAA6BB}.All|Any CPU.ActiveCfg = Release
		{8F2CF414-8030-443F-A90B-5A64E5EAA6BB}.Debug|Any CPU.ActiveCfg = Debug
		{8F2CF414-8030-443F-A90B-5A64E5EAA6BB}.Release|Any CPU.ActiveCfg = Release
	EndGlobalSection
	GlobalSection(SolutionProperties) = preSolution
		HideSolutionNode = FALSE
	EndGlobalSection
	GlobalSection(ExtensibilityGlobals) = postSolution
		SolutionGuid = {55C6CD37-9C27-4081-9E9F-24FB03AF18D8}
	EndGlobalSection
EndGlobal
