
Microsoft Visual Studio Solution File, Format Version 12.00
# Visual Studio Version 16
VisualStudioVersion = 16.0.29306.81
MinimumVisualStudioVersion = 10.0.40219.1
Project("{FAE04EC0-301F-11D3-BF4B-00C04F79EFBC}") = "Interface", "Interface\Interface.csproj", "{3197DCBA-D843-4F0F-8CBA-5A7E7AFD4A91}"
EndProject
Project("{FAE04EC0-301F-11D3-BF4B-00C04F79EFBC}") = "Middleware", "Middleware\Middleware.csproj", "{F005A934-3022-4FC0-A521-11DE483282EF}"
EndProject
Project("{54435603-DBB4-11D2-8724-00A0C9A8B90C}") = "CC_Setup", "CC_Setup\CC_Setup.vdproj", "{617285F2-02A8-41B2-8CE7-26FCE7A103B8}"
EndProject
Global
	GlobalSection(SolutionConfigurationPlatforms) = preSolution
		All|Any CPU = All|Any CPU
		Debug|Any CPU = Debug|Any CPU
		Release|Any CPU = Release|Any CPU
	EndGlobalSection
	GlobalSection(ProjectConfigurationPlatforms) = postSolution
		{3197DCBA-D843-4F0F-8CBA-5A7E7AFD4A91}.All|Any CPU.ActiveCfg = Release|Any CPU
		{3197DCBA-D843-4F0F-8CBA-5A7E7AFD4A91}.All|Any CPU.Build.0 = Release|Any CPU
		{3197DCBA-D843-4F0F-8CBA-5A7E7AFD4A91}.Debug|Any CPU.ActiveCfg = Release|Any CPU
		{3197DCBA-D843-4F0F-8CBA-5A7E7AFD4A91}.Debug|Any CPU.Build.0 = Release|Any CPU
		{3197DCBA-D843-4F0F-8CBA-5A7E7AFD4A91}.Release|Any CPU.ActiveCfg = Release|Any CPU
		{3197DCBA-D843-4F0F-8CBA-5A7E7AFD4A91}.Release|Any CPU.Build.0 = Release|Any CPU
		{F005A934-3022-4FC0-A521-11DE483282EF}.All|Any CPU.ActiveCfg = Release|Any CPU
		{F005A934-3022-4FC0-A521-11DE483282EF}.All|Any CPU.Build.0 = Release|Any CPU
		{F005A934-3022-4FC0-A521-11DE483282EF}.Debug|Any CPU.ActiveCfg = Release|Any CPU
		{F005A934-3022-4FC0-A521-11DE483282EF}.Debug|Any CPU.Build.0 = Release|Any CPU
		{F005A934-3022-4FC0-A521-11DE483282EF}.Release|Any CPU.ActiveCfg = Release|Any CPU
		{F005A934-3022-4FC0-A521-11DE483282EF}.Release|Any CPU.Build.0 = Release|Any CPU
		{617285F2-02A8-41B2-8CE7-26FCE7A103B8}.All|Any CPU.ActiveCfg = Release
		{617285F2-02A8-41B2-8CE7-26FCE7A103B8}.Debug|Any CPU.ActiveCfg = Debug
		{617285F2-02A8-41B2-8CE7-26FCE7A103B8}.Release|Any CPU.ActiveCfg = Release
		{617285F2-02A8-41B2-8CE7-26FCE7A103B8}.Release|Any CPU.Build.0 = Release
	EndGlobalSection
	GlobalSection(SolutionProperties) = preSolution
		HideSolutionNode = FALSE
	EndGlobalSection
	GlobalSection(ExtensibilityGlobals) = postSolution
		SolutionGuid = {55C6CD37-9C27-4081-9E9F-24FB03AF18D8}
	EndGlobalSection
EndGlobal
